
Microsoft Visual Studio Solution File, Format Version 12.00
# Visual Studio Version 17
VisualStudioVersion = 17.9.34616.47
MinimumVisualStudioVersion = 10.0.40219.1
Project("{FAE04EC0-301F-11D3-BF4B-00C04F79EFBC}") = "HW2_s1121524", "HW2_s1121524.csproj", "{2541B07D-A96D-4F20-B965-FC26FD6242EE}"
EndProject
Global
	GlobalSection(SolutionConfigurationPlatforms) = preSolution
		Debug|Any CPU = Debug|Any CPU
		Release|Any CPU = Release|Any CPU
	EndGlobalSection
	GlobalSection(ProjectConfigurationPlatforms) = postSolution
		{2541B07D-A96D-4F20-B965-FC26FD6242EE}.Debug|Any CPU.ActiveCfg = Debug|Any CPU
		{2541B07D-A96D-4F20-B965-FC26FD6242EE}.Debug|Any CPU.Build.0 = Debug|Any CPU
		{2541B07D-A96D-4F20-B965-FC26FD6242EE}.Release|Any CPU.ActiveCfg = Release|Any CPU
		{2541B07D-A96D-4F20-B965-FC26FD6242EE}.Release|Any CPU.Build.0 = Release|Any CPU
	EndGlobalSection
	GlobalSection(SolutionProperties) = preSolution
		HideSolutionNode = FALSE
	EndGlobalSection
	GlobalSection(ExtensibilityGlobals) = postSolution
		SolutionGuid = {7E849BA8-7F61-4D31-AC05-EFB8E9DE71F5}
	EndGlobalSection
EndGlobal
